// !$*UTF8*$!
{
	archiveVersion = 1;
	classes = {
	};
	objectVersion = 56;
	objects = {

/* Begin PBXBuildFile section */
		3BEB50052A335F56005D1CC9 /* AppDelegate.swift in Sources */ = {isa = PBXBuildFile; fileRef = 3BEB50042A335F56005D1CC9 /* AppDelegate.swift */; };
		3BEB50072A335F56005D1CC9 /* SceneDelegate.swift in Sources */ = {isa = PBXBuildFile; fileRef = 3BEB50062A335F56005D1CC9 /* SceneDelegate.swift */; };
		3BEB50092A335F56005D1CC9 /* HomeViewController.swift in Sources */ = {isa = PBXBuildFile; fileRef = 3BEB50082A335F56005D1CC9 /* HomeViewController.swift */; };
		3BEB500E2A335F59005D1CC9 /* Assets.xcassets in Resources */ = {isa = PBXBuildFile; fileRef = 3BEB500D2A335F59005D1CC9 /* Assets.xcassets */; };
		3BEB50112A335F59005D1CC9 /* LaunchScreen.storyboard in Resources */ = {isa = PBXBuildFile; fileRef = 3BEB500F2A335F59005D1CC9 /* LaunchScreen.storyboard */; };
		3BF2D5C32BA0D2E6004ADAFB /* Types.swift in Sources */ = {isa = PBXBuildFile; fileRef = 3BF2D5C22BA0D2E6004ADAFB /* Types.swift */; };
		3BF2D5C52BA0D698004ADAFB /* TableScreen.swift in Sources */ = {isa = PBXBuildFile; fileRef = 3BF2D5C42BA0D698004ADAFB /* TableScreen.swift */; };
		3BF2D5C72BA0D83E004ADAFB /* NavigationManager.swift in Sources */ = {isa = PBXBuildFile; fileRef = 3BF2D5C62BA0D83E004ADAFB /* NavigationManager.swift */; };
/* End PBXBuildFile section */

/* Begin PBXFileReference section */
		3BB3B7312B9D52BE0093EDF2 /* Info.xcconfig */ = {isa = PBXFileReference; lastKnownFileType = text.xcconfig; path = Info.xcconfig; sourceTree = "<group>"; };
		3BEB50012A335F56005D1CC9 /* Parameter.app */ = {isa = PBXFileReference; explicitFileType = wrapper.application; includeInIndex = 0; path = Parameter.app; sourceTree = BUILT_PRODUCTS_DIR; };
		3BEB50042A335F56005D1CC9 /* AppDelegate.swift */ = {isa = PBXFileReference; lastKnownFileType = sourcecode.swift; path = AppDelegate.swift; sourceTree = "<group>"; };
		3BEB50062A335F56005D1CC9 /* SceneDelegate.swift */ = {isa = PBXFileReference; lastKnownFileType = sourcecode.swift; path = SceneDelegate.swift; sourceTree = "<group>"; };
		3BEB50082A335F56005D1CC9 /* HomeViewController.swift */ = {isa = PBXFileReference; lastKnownFileType = sourcecode.swift; path = HomeViewController.swift; sourceTree = "<group>"; };
		3BEB500D2A335F59005D1CC9 /* Assets.xcassets */ = {isa = PBXFileReference; lastKnownFileType = folder.assetcatalog; path = Assets.xcassets; sourceTree = "<group>"; };
		3BEB50102A335F59005D1CC9 /* Base */ = {isa = PBXFileReference; lastKnownFileType = file.storyboard; name = Base; path = Base.lproj/LaunchScreen.storyboard; sourceTree = "<group>"; };
		3BEB50122A335F59005D1CC9 /* Info.plist */ = {isa = PBXFileReference; lastKnownFileType = text.plist.xml; path = Info.plist; sourceTree = "<group>"; };
		3BEB50192A335F9D005D1CC9 /* README.md */ = {isa = PBXFileReference; lastKnownFileType = net.daringfireball.markdown; path = README.md; sourceTree = "<group>"; };
		3BF2D5C22BA0D2E6004ADAFB /* Types.swift */ = {isa = PBXFileReference; lastKnownFileType = sourcecode.swift; path = Types.swift; sourceTree = "<group>"; };
		3BF2D5C42BA0D698004ADAFB /* TableScreen.swift */ = {isa = PBXFileReference; lastKnownFileType = sourcecode.swift; path = TableScreen.swift; sourceTree = "<group>"; };
		3BF2D5C62BA0D83E004ADAFB /* NavigationManager.swift */ = {isa = PBXFileReference; lastKnownFileType = sourcecode.swift; path = NavigationManager.swift; sourceTree = "<group>"; };
/* End PBXFileReference section */

/* Begin PBXFrameworksBuildPhase section */
		3BEB4FFE2A335F56005D1CC9 /* Frameworks */ = {
			isa = PBXFrameworksBuildPhase;
			buildActionMask = 2147483647;
			files = (
			);
			runOnlyForDeploymentPostprocessing = 0;
		};
/* End PBXFrameworksBuildPhase section */

/* Begin PBXGroup section */
		3BB3B7322B9D52D00093EDF2 /* Configuration */ = {
			isa = PBXGroup;
			children = (
				3BB3B7312B9D52BE0093EDF2 /* Info.xcconfig */,
			);
			path = Configuration;
			sourceTree = "<group>";
		};
		3BEB4FF82A335F56005D1CC9 = {
			isa = PBXGroup;
			children = (
				3BEB50192A335F9D005D1CC9 /* README.md */,
				3BB3B7322B9D52D00093EDF2 /* Configuration */,
				3BEB50032A335F56005D1CC9 /* Parameter */,
				3BEB50022A335F56005D1CC9 /* Products */,
			);
			sourceTree = "<group>";
		};
		3BEB50022A335F56005D1CC9 /* Products */ = {
			isa = PBXGroup;
			children = (
				3BEB50012A335F56005D1CC9 /* Parameter.app */,
			);
			name = Products;
			sourceTree = "<group>";
		};
		3BEB50032A335F56005D1CC9 /* Parameter */ = {
			isa = PBXGroup;
			children = (
				3BEB503A2A336628005D1CC9 /* Application */,
				3BEB503D2A336D4B005D1CC9 /* Controllers */,
				3BEB503B2A3366A1005D1CC9 /* Resources */,
				3BEB503C2A3366AC005D1CC9 /* Supporting Files */,
			);
			path = Parameter;
			sourceTree = "<group>";
		};
		3BEB503A2A336628005D1CC9 /* Application */ = {
			isa = PBXGroup;
			children = (
				3BEB50042A335F56005D1CC9 /* AppDelegate.swift */,
				3BEB50062A335F56005D1CC9 /* SceneDelegate.swift */,
				3BF2D5C22BA0D2E6004ADAFB /* Types.swift */,
				3BF2D5C62BA0D83E004ADAFB /* NavigationManager.swift */,
			);
			path = Application;
			sourceTree = "<group>";
		};
		3BEB503B2A3366A1005D1CC9 /* Resources */ = {
			isa = PBXGroup;
			children = (
				3BEB500D2A335F59005D1CC9 /* Assets.xcassets */,
			);
			path = Resources;
			sourceTree = "<group>";
		};
		3BEB503C2A3366AC005D1CC9 /* Supporting Files */ = {
			isa = PBXGroup;
			children = (
				3BEB500F2A335F59005D1CC9 /* LaunchScreen.storyboard */,
				3BEB50122A335F59005D1CC9 /* Info.plist */,
			);
			path = "Supporting Files";
			sourceTree = "<group>";
		};
		3BEB503D2A336D4B005D1CC9 /* Controllers */ = {
			isa = PBXGroup;
			children = (
				3BEB50082A335F56005D1CC9 /* HomeViewController.swift */,
				3BF2D5C42BA0D698004ADAFB /* TableScreen.swift */,
			);
			path = Controllers;
			sourceTree = "<group>";
		};
/* End PBXGroup section */

/* Begin PBXNativeTarget section */
		3BEB50002A335F56005D1CC9 /* Parameter */ = {
			isa = PBXNativeTarget;
			buildConfigurationList = 3BEB50152A335F59005D1CC9 /* Build configuration list for PBXNativeTarget "Parameter" */;
			buildPhases = (
				3BEB4FFD2A335F56005D1CC9 /* Sources */,
				3BEB4FFE2A335F56005D1CC9 /* Frameworks */,
				3BEB4FFF2A335F56005D1CC9 /* Resources */,
				3BEB50392A3364DB005D1CC9 /* SwiftLint */,
			);
			buildRules = (
			);
			dependencies = (
			);
			name = Parameter;
			productName = Parameter;
			productReference = 3BEB50012A335F56005D1CC9 /* Parameter.app */;
			productType = "com.apple.product-type.application";
		};
/* End PBXNativeTarget section */

/* Begin PBXProject section */
		3BEB4FF92A335F56005D1CC9 /* Project object */ = {
			isa = PBXProject;
			attributes = {
				BuildIndependentTargetsInParallel = 1;
				LastSwiftUpdateCheck = 1430;
				LastUpgradeCheck = 1500;
				TargetAttributes = {
					3BEB50002A335F56005D1CC9 = {
						CreatedOnToolsVersion = 14.3;
					};
				};
			};
			buildConfigurationList = 3BEB4FFC2A335F56005D1CC9 /* Build configuration list for PBXProject "Parameter" */;
			compatibilityVersion = "Xcode 14.0";
			developmentRegion = en;
			hasScannedForEncodings = 0;
			knownRegions = (
				en,
				Base,
			);
			mainGroup = 3BEB4FF82A335F56005D1CC9;
			productRefGroup = 3BEB50022A335F56005D1CC9 /* Products */;
			projectDirPath = "";
			projectRoot = "";
			targets = (
				3BEB50002A335F56005D1CC9 /* Parameter */,
			);
		};
/* End PBXProject section */

/* Begin PBXResourcesBuildPhase section */
		3BEB4FFF2A335F56005D1CC9 /* Resources */ = {
			isa = PBXResourcesBuildPhase;
			buildActionMask = 2147483647;
			files = (
				3BEB50112A335F59005D1CC9 /* LaunchScreen.storyboard in Resources */,
				3BEB500E2A335F59005D1CC9 /* Assets.xcassets in Resources */,
			);
			runOnlyForDeploymentPostprocessing = 0;
		};
/* End PBXResourcesBuildPhase section */

/* Begin PBXShellScriptBuildPhase section */
		3BEB50392A3364DB005D1CC9 /* SwiftLint */ = {
			isa = PBXShellScriptBuildPhase;
			alwaysOutOfDate = 1;
			buildActionMask = 2147483647;
			files = (
			);
			inputFileListPaths = (
			);
			inputPaths = (
			);
			name = SwiftLint;
			outputFileListPaths = (
			);
			outputPaths = (
			);
			runOnlyForDeploymentPostprocessing = 0;
			shellPath = /bin/sh;
			shellScript = "if [[ \"$(uname -m)\" == arm64 ]]; then\n    export PATH=\"/opt/homebrew/bin:$PATH\"\nfi\n\nif which swiftlint > /dev/null; then\n    swiftlint\nelse\n    echo \"warning: SwiftLint not installed\"\nfi\n";
		};
/* End PBXShellScriptBuildPhase section */

/* Begin PBXSourcesBuildPhase section */
		3BEB4FFD2A335F56005D1CC9 /* Sources */ = {
			isa = PBXSourcesBuildPhase;
			buildActionMask = 2147483647;
			files = (
				3BF2D5C32BA0D2E6004ADAFB /* Types.swift in Sources */,
				3BEB50092A335F56005D1CC9 /* HomeViewController.swift in Sources */,
				3BF2D5C52BA0D698004ADAFB /* TableScreen.swift in Sources */,
				3BEB50052A335F56005D1CC9 /* AppDelegate.swift in Sources */,
				3BEB50072A335F56005D1CC9 /* SceneDelegate.swift in Sources */,
				3BF2D5C72BA0D83E004ADAFB /* NavigationManager.swift in Sources */,
			);
			runOnlyForDeploymentPostprocessing = 0;
		};
/* End PBXSourcesBuildPhase section */

/* Begin PBXVariantGroup section */
		3BEB500F2A335F59005D1CC9 /* LaunchScreen.storyboard */ = {
			isa = PBXVariantGroup;
			children = (
				3BEB50102A335F59005D1CC9 /* Base */,
			);
			name = LaunchScreen.storyboard;
			sourceTree = "<group>";
		};
/* End PBXVariantGroup section */

/* Begin XCBuildConfiguration section */
		3BEB50132A335F59005D1CC9 /* Debug */ = {
			isa = XCBuildConfiguration;
			baseConfigurationReference = 3BB3B7312B9D52BE0093EDF2 /* Info.xcconfig */;
			buildSettings = {
				ALWAYS_SEARCH_USER_PATHS = NO;
				CLANG_ANALYZER_NONNULL = YES;
				CLANG_ANALYZER_NUMBER_OBJECT_CONVERSION = YES_AGGRESSIVE;
				CLANG_CXX_LANGUAGE_STANDARD = "gnu++20";
				CLANG_ENABLE_MODULES = YES;
				CLANG_ENABLE_OBJC_ARC = YES;
				CLANG_ENABLE_OBJC_WEAK = YES;
				CLANG_WARN_BLOCK_CAPTURE_AUTORELEASING = YES;
				CLANG_WARN_BOOL_CONVERSION = YES;
				CLANG_WARN_COMMA = YES;
				CLANG_WARN_CONSTANT_CONVERSION = YES;
				CLANG_WARN_DEPRECATED_OBJC_IMPLEMENTATIONS = YES;
				CLANG_WARN_DIRECT_OBJC_ISA_USAGE = YES_ERROR;
				CLANG_WARN_DOCUMENTATION_COMMENTS = YES;
				CLANG_WARN_EMPTY_BODY = YES;
				CLANG_WARN_ENUM_CONVERSION = YES;
				CLANG_WARN_INFINITE_RECURSION = YES;
				CLANG_WARN_INT_CONVERSION = YES;
				CLANG_WARN_NON_LITERAL_NULL_CONVERSION = YES;
				CLANG_WARN_OBJC_IMPLICIT_RETAIN_SELF = YES;
				CLANG_WARN_OBJC_LITERAL_CONVERSION = YES;
				CLANG_WARN_OBJC_ROOT_CLASS = YES_ERROR;
				CLANG_WARN_QUOTED_INCLUDE_IN_FRAMEWORK_HEADER = YES;
				CLANG_WARN_RANGE_LOOP_ANALYSIS = YES;
				CLANG_WARN_STRICT_PROTOTYPES = YES;
				CLANG_WARN_SUSPICIOUS_MOVE = YES;
				CLANG_WARN_UNGUARDED_AVAILABILITY = YES_AGGRESSIVE;
				CLANG_WARN_UNREACHABLE_CODE = YES;
				CLANG_WARN__DUPLICATE_METHOD_MATCH = YES;
				COPY_PHASE_STRIP = NO;
				DEBUG_INFORMATION_FORMAT = dwarf;
				ENABLE_STRICT_OBJC_MSGSEND = YES;
				ENABLE_TESTABILITY = YES;
				GCC_C_LANGUAGE_STANDARD = gnu11;
				GCC_DYNAMIC_NO_PIC = NO;
				GCC_NO_COMMON_BLOCKS = YES;
				GCC_OPTIMIZATION_LEVEL = 0;
				GCC_PREPROCESSOR_DEFINITIONS = (
					"DEBUG=1",
					"$(inherited)",
				);
				GCC_WARN_64_TO_32_BIT_CONVERSION = YES;
				GCC_WARN_ABOUT_RETURN_TYPE = YES_ERROR;
				GCC_WARN_UNDECLARED_SELECTOR = YES;
				GCC_WARN_UNINITIALIZED_AUTOS = YES_AGGRESSIVE;
				GCC_WARN_UNUSED_FUNCTION = YES;
				GCC_WARN_UNUSED_VARIABLE = YES;
				IPHONEOS_DEPLOYMENT_TARGET = 16.0;
				MTL_ENABLE_DEBUG_INFO = INCLUDE_SOURCE;
				MTL_FAST_MATH = YES;
				ONLY_ACTIVE_ARCH = YES;
				SDKROOT = iphoneos;
				SWIFT_ACTIVE_COMPILATION_CONDITIONS = DEBUG;
				SWIFT_OPTIMIZATION_LEVEL = "-Onone";
			};
			name = Debug;
		};
		3BEB50142A335F59005D1CC9 /* Release */ = {
			isa = XCBuildConfiguration;
			baseConfigurationReference = 3BB3B7312B9D52BE0093EDF2 /* Info.xcconfig */;
			buildSettings = {
				ALWAYS_SEARCH_USER_PATHS = NO;
				CLANG_ANALYZER_NONNULL = YES;
				CLANG_ANALYZER_NUMBER_OBJECT_CONVERSION = YES_AGGRESSIVE;
				CLANG_CXX_LANGUAGE_STANDARD = "gnu++20";
				CLANG_ENABLE_MODULES = YES;
				CLANG_ENABLE_OBJC_ARC = YES;
				CLANG_ENABLE_OBJC_WEAK = YES;
				CLANG_WARN_BLOCK_CAPTURE_AUTORELEASING = YES;
				CLANG_WARN_BOOL_CONVERSION = YES;
				CLANG_WARN_COMMA = YES;
				CLANG_WARN_CONSTANT_CONVERSION = YES;
				CLANG_WARN_DEPRECATED_OBJC_IMPLEMENTATIONS = YES;
				CLANG_WARN_DIRECT_OBJC_ISA_USAGE = YES_ERROR;
				CLANG_WARN_DOCUMENTATION_COMMENTS = YES;
				CLANG_WARN_EMPTY_BODY = YES;
				CLANG_WARN_ENUM_CONVERSION = YES;
				CLANG_WARN_INFINITE_RECURSION = YES;
				CLANG_WARN_INT_CONVERSION = YES;
				CLANG_WARN_NON_LITERAL_NULL_CONVERSION = YES;
				CLANG_WARN_OBJC_IMPLICIT_RETAIN_SELF = YES;
				CLANG_WARN_OBJC_LITERAL_CONVERSION = YES;
				CLANG_WARN_OBJC_ROOT_CLASS = YES_ERROR;
				CLANG_WARN_QUOTED_INCLUDE_IN_FRAMEWORK_HEADER = YES;
				CLANG_WARN_RANGE_LOOP_ANALYSIS = YES;
				CLANG_WARN_STRICT_PROTOTYPES = YES;
				CLANG_WARN_SUSPICIOUS_MOVE = YES;
				CLANG_WARN_UNGUARDED_AVAILABILITY = YES_AGGRESSIVE;
				CLANG_WARN_UNREACHABLE_CODE = YES;
				CLANG_WARN__DUPLICATE_METHOD_MATCH = YES;
				COPY_PHASE_STRIP = NO;
				DEBUG_INFORMATION_FORMAT = "dwarf-with-dsym";
				ENABLE_NS_ASSERTIONS = NO;
				ENABLE_STRICT_OBJC_MSGSEND = YES;
				GCC_C_LANGUAGE_STANDARD = gnu11;
				GCC_NO_COMMON_BLOCKS = YES;
				GCC_WARN_64_TO_32_BIT_CONVERSION = YES;
				GCC_WARN_ABOUT_RETURN_TYPE = YES_ERROR;
				GCC_WARN_UNDECLARED_SELECTOR = YES;
				GCC_WARN_UNINITIALIZED_AUTOS = YES_AGGRESSIVE;
				GCC_WARN_UNUSED_FUNCTION = YES;
				GCC_WARN_UNUSED_VARIABLE = YES;
				IPHONEOS_DEPLOYMENT_TARGET = 16.0;
				MTL_ENABLE_DEBUG_INFO = NO;
				MTL_FAST_MATH = YES;
				SDKROOT = iphoneos;
				SWIFT_COMPILATION_MODE = wholemodule;
				SWIFT_OPTIMIZATION_LEVEL = "-O";
				VALIDATE_PRODUCT = YES;
			};
			name = Release;
		};
		3BEB50162A335F59005D1CC9 /* Debug */ = {
			isa = XCBuildConfiguration;
			buildSettings = {
				ASSETCATALOG_COMPILER_APPICON_NAME = AppIcon;
				ASSETCATALOG_COMPILER_GLOBAL_ACCENT_COLOR_NAME = AccentColor;
				CODE_SIGN_STYLE = Automatic;
				CURRENT_PROJECT_VERSION = 1;
				GENERATE_INFOPLIST_FILE = YES;
				INFOPLIST_FILE = "Parameter/Supporting Files/Info.plist";
				INFOPLIST_KEY_CFBundleDisplayName = Parameter;
				INFOPLIST_KEY_UIApplicationSupportsIndirectInputEvents = YES;
				INFOPLIST_KEY_UILaunchStoryboardName = LaunchScreen;
				INFOPLIST_KEY_UISupportedInterfaceOrientations_iPad = "UIInterfaceOrientationPortrait UIInterfaceOrientationPortraitUpsideDown UIInterfaceOrientationLandscapeLeft UIInterfaceOrientationLandscapeRight";
				INFOPLIST_KEY_UISupportedInterfaceOrientations_iPhone = "UIInterfaceOrientationPortrait UIInterfaceOrientationLandscapeLeft UIInterfaceOrientationLandscapeRight";
				IPHONEOS_DEPLOYMENT_TARGET = 16.0;
				LD_RUNPATH_SEARCH_PATHS = (
					"$(inherited)",
					"@executable_path/Frameworks",
				);
				MARKETING_VERSION = 1.0;
				PRODUCT_NAME = "$(TARGET_NAME)";
				SUPPORTED_PLATFORMS = "iphoneos iphonesimulator";
				SUPPORTS_MACCATALYST = NO;
				SUPPORTS_MAC_DESIGNED_FOR_IPHONE_IPAD = NO;
				SWIFT_EMIT_LOC_STRINGS = YES;
				SWIFT_VERSION = 5.0;
				TARGETED_DEVICE_FAMILY = 1;
			};
			name = Debug;
		};
		3BEB50172A335F59005D1CC9 /* Release */ = {
			isa = XCBuildConfiguration;
			buildSettings = {
				ASSETCATALOG_COMPILER_APPICON_NAME = AppIcon;
				ASSETCATALOG_COMPILER_GLOBAL_ACCENT_COLOR_NAME = AccentColor;
				CODE_SIGN_STYLE = Automatic;
				CURRENT_PROJECT_VERSION = 1;
				GENERATE_INFOPLIST_FILE = YES;
				INFOPLIST_FILE = "Parameter/Supporting Files/Info.plist";
				INFOPLIST_KEY_CFBundleDisplayName = Parameter;
				INFOPLIST_KEY_UIApplicationSupportsIndirectInputEvents = YES;
				INFOPLIST_KEY_UILaunchStoryboardName = LaunchScreen;
				INFOPLIST_KEY_UISupportedInterfaceOrientations_iPad = "UIInterfaceOrientationPortrait UIInterfaceOrientationPortraitUpsideDown UIInterfaceOrientationLandscapeLeft UIInterfaceOrientationLandscapeRight";
				INFOPLIST_KEY_UISupportedInterfaceOrientations_iPhone = "UIInterfaceOrientationPortrait UIInterfaceOrientationLandscapeLeft UIInterfaceOrientationLandscapeRight";
				IPHONEOS_DEPLOYMENT_TARGET = 16.0;
				LD_RUNPATH_SEARCH_PATHS = (
					"$(inherited)",
					"@executable_path/Frameworks",
				);
				MARKETING_VERSION = 1.0;
				PRODUCT_NAME = "$(TARGET_NAME)";
				SUPPORTED_PLATFORMS = "iphoneos iphonesimulator";
				SUPPORTS_MACCATALYST = NO;
				SUPPORTS_MAC_DESIGNED_FOR_IPHONE_IPAD = NO;
				SWIFT_EMIT_LOC_STRINGS = YES;
				SWIFT_VERSION = 5.0;
				TARGETED_DEVICE_FAMILY = 1;
			};
			name = Release;
		};
/* End XCBuildConfiguration section */

/* Begin XCConfigurationList section */
		3BEB4FFC2A335F56005D1CC9 /* Build configuration list for PBXProject "Parameter" */ = {
			isa = XCConfigurationList;
			buildConfigurations = (
				3BEB50132A335F59005D1CC9 /* Debug */,
				3BEB50142A335F59005D1CC9 /* Release */,
			);
			defaultConfigurationIsVisible = 0;
			defaultConfigurationName = Release;
		};
		3BEB50152A335F59005D1CC9 /* Build configuration list for PBXNativeTarget "Parameter" */ = {
			isa = XCConfigurationList;
			buildConfigurations = (
				3BEB50162A335F59005D1CC9 /* Debug */,
				3BEB50172A335F59005D1CC9 /* Release */,
			);
			defaultConfigurationIsVisible = 0;
			defaultConfigurationName = Release;
		};
/* End XCConfigurationList section */
	};
	rootObject = 3BEB4FF92A335F56005D1CC9 /* Project object */;
}
